{
  "com.google.guava:guava": { "locked": "17.0", "requested": "17.0" },
  "com.netflix.nebula:gradle-contacts-plugin": { "locked": "2.0.0", "requested": "2.0.+" },
  "com.netflix.nebula:gradle-info-plugin": { "locked": "2.0.0", "requested": "2.0.+" },
  "com.netflix.nebula:nebula-core": { "locked": "2.0.0", "requested": "2.0.+" },
  "com.netflix.nebula:nebula-test": { "locked": "2.0.0", "requested": "2.0.+" }
}
