{
    "compile": {
        "com.netflix.nebula:gradle-contacts-plugin": {
            "locked": "3.0.1",
            "requested": "latest.release"
        },
        "com.netflix.nebula:gradle-info-plugin": {
            "locked": "3.7.1",
            "requested": "latest.release"
        }
    },
    "compileClasspath": {
        "com.netflix.nebula:gradle-contacts-plugin": {
            "locked": "3.0.1",
            "requested": "latest.release"
        },
        "com.netflix.nebula:gradle-info-plugin": {
            "locked": "3.7.1",
            "requested": "latest.release"
        }
    },
    "default": {
        "com.netflix.nebula:gradle-contacts-plugin": {
            "locked": "3.0.1",
            "requested": "latest.release"
        },
        "com.netflix.nebula:gradle-info-plugin": {
            "locked": "3.7.1",
            "requested": "latest.release"
        }
    },
    "integTestCompile": {
        "com.netflix.nebula:gradle-contacts-plugin": {
            "locked": "3.0.1",
            "requested": "latest.release"
        },
        "com.netflix.nebula:gradle-dependency-lock-plugin": {
            "locked": "6.0.0",
            "requested": "latest.release"
        },
        "com.netflix.nebula:gradle-info-plugin": {
            "locked": "3.7.1",
            "requested": "latest.release"
        },
        "com.netflix.nebula:gradle-resolution-rules-plugin": {
            "locked": "5.1.1",
            "requested": "latest.release"
        },
        "com.netflix.nebula:nebula-dependency-recommender": {
            "locked": "5.2.0",
            "requested": "latest.release"
        },
        "com.netflix.nebula:nebula-test": {
            "locked": "6.4.4",
            "requested": "6.+"
        },
        "org.jfrog.buildinfo:build-info-extractor-gradle": {
            "locked": "4.7.1",
            "requested": "latest.release"
        }
    },
    "integTestCompileClasspath": {
        "com.netflix.nebula:gradle-contacts-plugin": {
            "locked": "3.0.1",
            "requested": "latest.release"
        },
        "com.netflix.nebula:gradle-dependency-lock-plugin": {
            "locked": "6.0.0",
            "requested": "latest.release"
        },
        "com.netflix.nebula:gradle-info-plugin": {
            "locked": "3.7.1",
            "requested": "latest.release"
        },
        "com.netflix.nebula:gradle-resolution-rules-plugin": {
            "locked": "5.1.1",
            "requested": "latest.release"
        },
        "com.netflix.nebula:nebula-dependency-recommender": {
            "locked": "5.2.0",
            "requested": "latest.release"
        },
        "com.netflix.nebula:nebula-test": {
            "locked": "6.4.4",
            "requested": "6.+"
        },
        "org.jfrog.buildinfo:build-info-extractor-gradle": {
            "locked": "4.7.1",
            "requested": "latest.release"
        }
    },
    "integTestRuntime": {
        "com.netflix.nebula:gradle-contacts-plugin": {
            "locked": "3.0.1",
            "requested": "latest.release"
        },
        "com.netflix.nebula:gradle-dependency-lock-plugin": {
            "locked": "6.0.0",
            "requested": "latest.release"
        },
        "com.netflix.nebula:gradle-info-plugin": {
            "locked": "3.7.1",
            "requested": "latest.release"
        },
        "com.netflix.nebula:gradle-resolution-rules-plugin": {
            "locked": "5.1.1",
            "requested": "latest.release"
        },
        "com.netflix.nebula:nebula-dependency-recommender": {
            "locked": "5.2.0",
            "requested": "latest.release"
        },
        "com.netflix.nebula:nebula-test": {
            "locked": "6.4.4",
            "requested": "6.+"
        },
        "org.jfrog.buildinfo:build-info-extractor-gradle": {
            "locked": "4.7.1",
            "requested": "latest.release"
        }
    },
    "integTestRuntimeClasspath": {
        "com.netflix.nebula:gradle-contacts-plugin": {
            "locked": "3.0.1",
            "requested": "latest.release"
        },
        "com.netflix.nebula:gradle-dependency-lock-plugin": {
            "locked": "6.0.0",
            "requested": "latest.release"
        },
        "com.netflix.nebula:gradle-info-plugin": {
            "locked": "3.7.1",
            "requested": "latest.release"
        },
        "com.netflix.nebula:gradle-resolution-rules-plugin": {
            "locked": "5.1.1",
            "requested": "latest.release"
        },
        "com.netflix.nebula:nebula-dependency-recommender": {
            "locked": "5.2.0",
            "requested": "latest.release"
        },
        "com.netflix.nebula:nebula-test": {
            "locked": "6.4.4",
            "requested": "6.+"
        },
        "org.jfrog.buildinfo:build-info-extractor-gradle": {
            "locked": "4.7.1",
            "requested": "latest.release"
        }
    },
    "jacocoAgent": {
        "org.jacoco:org.jacoco.agent": {
            "locked": "0.8.1"
        }
    },
    "jacocoAnt": {
        "org.jacoco:org.jacoco.ant": {
            "locked": "0.8.1"
        }
    },
    "runtime": {
        "com.netflix.nebula:gradle-contacts-plugin": {
            "locked": "3.0.1",
            "requested": "latest.release"
        },
        "com.netflix.nebula:gradle-info-plugin": {
            "locked": "3.7.1",
            "requested": "latest.release"
        }
    },
    "runtimeClasspath": {
        "com.netflix.nebula:gradle-contacts-plugin": {
            "locked": "3.0.1",
            "requested": "latest.release"
        },
        "com.netflix.nebula:gradle-info-plugin": {
            "locked": "3.7.1",
            "requested": "latest.release"
        }
    },
    "testCompile": {
        "com.netflix.nebula:gradle-contacts-plugin": {
            "locked": "3.0.1",
            "requested": "latest.release"
        },
        "com.netflix.nebula:gradle-dependency-lock-plugin": {
            "locked": "6.0.0",
            "requested": "latest.release"
        },
        "com.netflix.nebula:gradle-info-plugin": {
            "locked": "3.7.1",
            "requested": "latest.release"
        },
        "com.netflix.nebula:gradle-resolution-rules-plugin": {
            "locked": "5.1.1",
            "requested": "latest.release"
        },
        "com.netflix.nebula:nebula-dependency-recommender": {
            "locked": "5.2.0",
            "requested": "latest.release"
        },
        "com.netflix.nebula:nebula-test": {
            "locked": "6.4.4",
            "requested": "6.+"
        },
        "org.jfrog.buildinfo:build-info-extractor-gradle": {
            "locked": "4.7.1",
            "requested": "latest.release"
        }
    },
    "testCompileClasspath": {
        "com.netflix.nebula:gradle-contacts-plugin": {
            "locked": "3.0.1",
            "requested": "latest.release"
        },
        "com.netflix.nebula:gradle-dependency-lock-plugin": {
            "locked": "6.0.0",
            "requested": "latest.release"
        },
        "com.netflix.nebula:gradle-info-plugin": {
            "locked": "3.7.1",
            "requested": "latest.release"
        },
        "com.netflix.nebula:gradle-resolution-rules-plugin": {
            "locked": "5.1.1",
            "requested": "latest.release"
        },
        "com.netflix.nebula:nebula-dependency-recommender": {
            "locked": "5.2.0",
            "requested": "latest.release"
        },
        "com.netflix.nebula:nebula-test": {
            "locked": "6.4.4",
            "requested": "6.+"
        },
        "org.jfrog.buildinfo:build-info-extractor-gradle": {
            "locked": "4.7.1",
            "requested": "latest.release"
        }
    },
    "testRuntime": {
        "com.netflix.nebula:gradle-contacts-plugin": {
            "locked": "3.0.1",
            "requested": "latest.release"
        },
        "com.netflix.nebula:gradle-dependency-lock-plugin": {
            "locked": "6.0.0",
            "requested": "latest.release"
        },
        "com.netflix.nebula:gradle-info-plugin": {
            "locked": "3.7.1",
            "requested": "latest.release"
        },
        "com.netflix.nebula:gradle-resolution-rules-plugin": {
            "locked": "5.1.1",
            "requested": "latest.release"
        },
        "com.netflix.nebula:nebula-dependency-recommender": {
            "locked": "5.2.0",
            "requested": "latest.release"
        },
        "com.netflix.nebula:nebula-test": {
            "locked": "6.4.4",
            "requested": "6.+"
        },
        "org.jfrog.buildinfo:build-info-extractor-gradle": {
            "locked": "4.7.1",
            "requested": "latest.release"
        }
    },
    "testRuntimeClasspath": {
        "com.netflix.nebula:gradle-contacts-plugin": {
            "locked": "3.0.1",
            "requested": "latest.release"
        },
        "com.netflix.nebula:gradle-dependency-lock-plugin": {
            "locked": "6.0.0",
            "requested": "latest.release"
        },
        "com.netflix.nebula:gradle-info-plugin": {
            "locked": "3.7.1",
            "requested": "latest.release"
        },
        "com.netflix.nebula:gradle-resolution-rules-plugin": {
            "locked": "5.1.1",
            "requested": "latest.release"
        },
        "com.netflix.nebula:nebula-dependency-recommender": {
            "locked": "5.2.0",
            "requested": "latest.release"
        },
        "com.netflix.nebula:nebula-test": {
            "locked": "6.4.4",
            "requested": "6.+"
        },
        "org.jfrog.buildinfo:build-info-extractor-gradle": {
            "locked": "4.7.1",
            "requested": "latest.release"
        }
    }
}