# This is a Gradle generated file for dependency locking.
# Manual edits can break the build and are not advised.
# This file is expected to be part of source control.
cglib:cglib-nodep:3.2.2=integTestRuntimeClasspath,testRuntimeClasspath
com.fasterxml.jackson.core:jackson-annotations:2.9.10=integTestRuntimeClasspath,testRuntimeClasspath
com.fasterxml.jackson.core:jackson-core:2.9.10=integTestRuntimeClasspath,testRuntimeClasspath
com.fasterxml.jackson.core:jackson-databind:2.9.10.8=integTestRuntimeClasspath,testRuntimeClasspath
com.fasterxml.jackson.module:jackson-module-kotlin:2.9.10=integTestRuntimeClasspath,testRuntimeClasspath
com.fasterxml.jackson:jackson-bom:2.9.10.20210106=integTestCompileClasspath,integTestRuntimeClasspath,testCompileClasspath,testRuntimeClasspath
com.google.guava:guava:20.0=integTestRuntimeClasspath,testRuntimeClasspath
com.jcraft:jzlib:1.1.2=integTestRuntimeClasspath,runtimeClasspath,testRuntimeClasspath
com.netflix.nebula:gradle-contacts-plugin:8.0.0=compileClasspath,integTestCompileClasspath,integTestRuntimeClasspath,runtimeClasspath,testCompileClasspath,testRuntimeClasspath
com.netflix.nebula:gradle-dependency-lock-plugin:16.0.1=integTestCompileClasspath,integTestRuntimeClasspath,testCompileClasspath,testRuntimeClasspath
com.netflix.nebula:gradle-info-plugin:14.0.0=compileClasspath,integTestCompileClasspath,integTestRuntimeClasspath,runtimeClasspath,testCompileClasspath,testRuntimeClasspath
com.netflix.nebula:gradle-resolution-rules-plugin:12.0.0=integTestCompileClasspath,integTestRuntimeClasspath,testCompileClasspath,testRuntimeClasspath
com.netflix.nebula:nebula-dependencies-comparison:0.2.1=integTestRuntimeClasspath,testRuntimeClasspath
com.netflix.nebula:nebula-dependency-recommender:13.0.1=integTestCompileClasspath,integTestRuntimeClasspath,testCompileClasspath,testRuntimeClasspath
com.netflix.nebula:nebula-gradle-interop:2.3.0=runtimeClasspath
com.netflix.nebula:nebula-gradle-interop:3.0.0=integTestRuntimeClasspath,testRuntimeClasspath
com.netflix.nebula:nebula-test:11.6.3=integTestCompileClasspath,integTestRuntimeClasspath,testCompileClasspath,testRuntimeClasspath
com.perforce:p4java:2015.2.1365273=integTestRuntimeClasspath,runtimeClasspath,testRuntimeClasspath
com.squareup.moshi:moshi:1.12.0=integTestRuntimeClasspath,testRuntimeClasspath
com.squareup.okio:okio:2.10.0=integTestRuntimeClasspath,testRuntimeClasspath
commons-codec:commons-codec:1.17.0=integTestRuntimeClasspath,testRuntimeClasspath
commons-io:commons-io:2.16.1=integTestRuntimeClasspath,testRuntimeClasspath
commons-logging:commons-logging:1.2=integTestRuntimeClasspath,testRuntimeClasspath
javax.inject:javax.inject:1=integTestRuntimeClasspath,testRuntimeClasspath
joda-time:joda-time:2.10=integTestRuntimeClasspath,testRuntimeClasspath
junit:junit:4.12=integTestCompileClasspath,integTestRuntimeClasspath,testCompileClasspath,testRuntimeClasspath
net.bytebuddy:byte-buddy:1.15.11=integTestCompileClasspath,integTestRuntimeClasspath,testCompileClasspath,testRuntimeClasspath
net.java.dev.jna:jna-platform:5.16.0=integTestRuntimeClasspath,runtimeClasspath,testRuntimeClasspath
net.java.dev.jna:jna:5.16.0=integTestRuntimeClasspath,runtimeClasspath,testRuntimeClasspath
org.apache.commons:commons-compress:1.26.2=integTestRuntimeClasspath,testRuntimeClasspath
org.apache.commons:commons-lang3:3.18.0=integTestRuntimeClasspath,testRuntimeClasspath
org.apache.groovy:groovy:4.0.4=integTestCompileClasspath,integTestRuntimeClasspath,testCompileClasspath,testRuntimeClasspath
org.apache.httpcomponents:httpclient:4.5.14=integTestRuntimeClasspath,testRuntimeClasspath
org.apache.httpcomponents:httpcore:4.4.16=integTestRuntimeClasspath,testRuntimeClasspath
org.apache.ivy:ivy:2.5.2=integTestRuntimeClasspath,testRuntimeClasspath
org.apache.maven:maven-artifact:3.8.3=integTestRuntimeClasspath,testRuntimeClasspath
org.apache.maven:maven-builder-support:3.8.3=integTestRuntimeClasspath,testRuntimeClasspath
org.apache.maven:maven-model-builder:3.8.3=integTestRuntimeClasspath,testRuntimeClasspath
org.apache.maven:maven-model:3.8.3=integTestRuntimeClasspath,testRuntimeClasspath
org.apiguardian:apiguardian-api:1.1.2=integTestCompileClasspath,integTestRuntimeClasspath,testCompileClasspath,testRuntimeClasspath
org.assertj:assertj-core:3.27.3=integTestCompileClasspath,integTestRuntimeClasspath,testCompileClasspath,testRuntimeClasspath
org.codehaus.plexus:plexus-interpolation:1.26=integTestRuntimeClasspath,testRuntimeClasspath
org.codehaus.plexus:plexus-utils:3.3.0=integTestRuntimeClasspath,testRuntimeClasspath
org.eclipse.sisu:org.eclipse.sisu.inject:0.3.5=integTestRuntimeClasspath,testRuntimeClasspath
org.hamcrest:hamcrest-core:1.3=integTestCompileClasspath,integTestRuntimeClasspath,testCompileClasspath,testRuntimeClasspath
org.hamcrest:hamcrest:2.2=integTestCompileClasspath,integTestRuntimeClasspath,testCompileClasspath,testRuntimeClasspath
org.jetbrains.kotlin:kotlin-reflect:2.2.0=integTestRuntimeClasspath,testRuntimeClasspath
org.jetbrains.kotlin:kotlin-stdlib-common:1.4.20=integTestRuntimeClasspath,testRuntimeClasspath
org.jetbrains.kotlin:kotlin-stdlib-jdk7:2.2.0=integTestRuntimeClasspath,testRuntimeClasspath
org.jetbrains.kotlin:kotlin-stdlib-jdk8:2.2.0=integTestRuntimeClasspath,testRuntimeClasspath
org.jetbrains.kotlin:kotlin-stdlib:2.1.0=runtimeClasspath
org.jetbrains.kotlin:kotlin-stdlib:2.2.0=integTestCompileClasspath,integTestRuntimeClasspath,testCompileClasspath,testRuntimeClasspath
org.jetbrains:annotations:13.0=integTestCompileClasspath,integTestRuntimeClasspath,runtimeClasspath,testCompileClasspath,testRuntimeClasspath
org.jfrog.buildinfo:build-info-api:2.41.22=integTestCompileClasspath,integTestRuntimeClasspath,testCompileClasspath,testRuntimeClasspath
org.jfrog.buildinfo:build-info-client:2.41.22=integTestCompileClasspath,integTestRuntimeClasspath,testCompileClasspath,testRuntimeClasspath
org.jfrog.buildinfo:build-info-extractor-gradle:6.0.2=integTestCompileClasspath,integTestRuntimeClasspath,testCompileClasspath,testRuntimeClasspath
org.jfrog.buildinfo:build-info-extractor:2.41.22=integTestCompileClasspath,integTestRuntimeClasspath,testCompileClasspath,testRuntimeClasspath
org.jfrog.filespecs:file-specs-java:1.1.2=integTestCompileClasspath,integTestRuntimeClasspath,testCompileClasspath,testRuntimeClasspath
org.jspecify:jspecify:1.0.0=integTestCompileClasspath,integTestRuntimeClasspath,testCompileClasspath,testRuntimeClasspath
org.junit.platform:junit-platform-commons:1.14.0=integTestCompileClasspath,integTestRuntimeClasspath,testCompileClasspath,testRuntimeClasspath
org.junit.platform:junit-platform-engine:1.14.0=integTestCompileClasspath,integTestRuntimeClasspath,testCompileClasspath,testRuntimeClasspath
org.junit.platform:junit-platform-launcher:1.14.0=integTestCompileClasspath,integTestRuntimeClasspath,testCompileClasspath,testRuntimeClasspath
org.objenesis:objenesis:2.4=integTestRuntimeClasspath,testRuntimeClasspath
org.opentest4j:opentest4j:1.3.0=integTestCompileClasspath,integTestRuntimeClasspath,testCompileClasspath,testRuntimeClasspath
org.spockframework:spock-core:2.3-groovy-4.0=integTestCompileClasspath,integTestRuntimeClasspath,testCompileClasspath,testRuntimeClasspath
org.spockframework:spock-junit4:2.3-groovy-4.0=integTestCompileClasspath,integTestRuntimeClasspath,testCompileClasspath,testRuntimeClasspath
empty=annotationProcessor,integTestAnnotationProcessor,testAnnotationProcessor
