# This is a Gradle generated file for dependency locking.
# Manual edits can break the build and are not advised.
# This file is expected to be part of source control.
com.fasterxml.jackson:jackson-bom:2.9.10.20210106
com.google.code.findbugs:jsr305:1.3.9
com.netflix.nebula:gradle-contacts-plugin:5.1.0
com.netflix.nebula:gradle-dependency-lock-plugin:11.2.0
com.netflix.nebula:gradle-info-plugin:9.3.0
com.netflix.nebula:gradle-resolution-rules-plugin:7.8.7
com.netflix.nebula:nebula-dependency-recommender:10.0.1
com.netflix.nebula:nebula-gradle-interop:1.0.11
com.netflix.nebula:nebula-test:9.0.0
junit:junit:4.12
org.apache.ivy:ivy:2.2.0
org.codehaus.plexus:plexus-component-annotations:1.5.5
org.hamcrest:hamcrest-core:1.3
org.jetbrains.kotlin:kotlin-stdlib-common:1.4.21
org.jetbrains.kotlin:kotlin-stdlib-jdk7:1.4.21
org.jetbrains.kotlin:kotlin-stdlib-jdk8:1.4.21
org.jetbrains.kotlin:kotlin-stdlib:1.4.21
org.jetbrains:annotations:13.0
org.jfrog.buildinfo:build-info-extractor-gradle:4.24.4
org.jfrog.buildinfo:build-info-extractor:2.26.4
org.spockframework:spock-core:1.3-groovy-2.4
